
Microsoft Visual Studio Solution File, Format Version 12.00
# Visual Studio 15
VisualStudioVersion = 15.0.28010.2019
MinimumVisualStudioVersion = 10.0.40219.1
Project("{8BC9CEB8-8B4A-11D0-8D11-00A0C91BC942}") = "HelloCPP", "HelloCPP\HelloCPP.vcxproj", "{91EA3A8A-56E2-425E-82C2-7E7C29157656}"
EndProject
Global
	GlobalSection(SolutionConfigurationPlatforms) = preSolution
		Debug|x64 = Debug|x64
		Debug|x86 = Debug|x86
		Release|x64 = Release|x64
		Release|x86 = Release|x86
	EndGlobalSection
	GlobalSection(ProjectConfigurationPlatforms) = postSolution
		{91EA3A8A-56E2-425E-82C2-7E7C29157656}.Debug|x64.ActiveCfg = Debug|x64
		{91EA3A8A-56E2-425E-82C2-7E7C29157656}.Debug|x64.Build.0 = Debug|x64
		{91EA3A8A-56E2-425E-82C2-7E7C29157656}.Debug|x86.ActiveCfg = Debug|Win32
		{91EA3A8A-56E2-425E-82C2-7E7C29157656}.Debug|x86.Build.0 = Debug|Win32
		{91EA3A8A-56E2-425E-82C2-7E7C29157656}.Release|x64.ActiveCfg = Release|x64
		{91EA3A8A-56E2-425E-82C2-7E7C29157656}.Release|x64.Build.0 = Release|x64
		{91EA3A8A-56E2-425E-82C2-7E7C29157656}.Release|x86.ActiveCfg = Release|Win32
		{91EA3A8A-56E2-425E-82C2-7E7C29157656}.Release|x86.Build.0 = Release|Win32
	EndGlobalSection
	GlobalSection(SolutionProperties) = preSolution
		HideSolutionNode = FALSE
	EndGlobalSection
	GlobalSection(ExtensibilityGlobals) = postSolution
		SolutionGuid = {869A1C49-0328-4444-8517-13B2FFE49577}
	EndGlobalSection
EndGlobal
