
Microsoft Visual Studio Solution File, Format Version 12.00
# Visual Studio 15
VisualStudioVersion = 15.0.28010.2019
MinimumVisualStudioVersion = 10.0.40219.1
Project("{8BC9CEB8-8B4A-11D0-8D11-00A0C91BC942}") = "NumGame", "NumGame\NumGame.vcxproj", "{9A2B63B8-246E-4A83-AFE1-638031A1E857}"
EndProject
Global
	GlobalSection(SolutionConfigurationPlatforms) = preSolution
		Debug|x64 = Debug|x64
		Debug|x86 = Debug|x86
		Release|x64 = Release|x64
		Release|x86 = Release|x86
	EndGlobalSection
	GlobalSection(ProjectConfigurationPlatforms) = postSolution
		{9A2B63B8-246E-4A83-AFE1-638031A1E857}.Debug|x64.ActiveCfg = Debug|x64
		{9A2B63B8-246E-4A83-AFE1-638031A1E857}.Debug|x64.Build.0 = Debug|x64
		{9A2B63B8-246E-4A83-AFE1-638031A1E857}.Debug|x86.ActiveCfg = Debug|Win32
		{9A2B63B8-246E-4A83-AFE1-638031A1E857}.Debug|x86.Build.0 = Debug|Win32
		{9A2B63B8-246E-4A83-AFE1-638031A1E857}.Release|x64.ActiveCfg = Release|x64
		{9A2B63B8-246E-4A83-AFE1-638031A1E857}.Release|x64.Build.0 = Release|x64
		{9A2B63B8-246E-4A83-AFE1-638031A1E857}.Release|x86.ActiveCfg = Release|Win32
		{9A2B63B8-246E-4A83-AFE1-638031A1E857}.Release|x86.Build.0 = Release|Win32
	EndGlobalSection
	GlobalSection(SolutionProperties) = preSolution
		HideSolutionNode = FALSE
	EndGlobalSection
	GlobalSection(ExtensibilityGlobals) = postSolution
		SolutionGuid = {0F0442B5-BFD6-4365-958F-97EB273CB09F}
	EndGlobalSection
EndGlobal
